{
  "name": "@usebruno/test-collection",
  "version": "0.0.1",
  "lockfileVersion": 3,
  "requires": true,
  "packages": {
    "": {
      "name": "@usebruno/test-collection",
      "version": "0.0.1",
      "dependencies": {
        "@faker-js/faker": "^8.4.0"
      }
    },
    "node_modules/@faker-js/faker": {
      "version": "8.4.0",
      "resolved": "https://registry.npmjs.org/@faker-js/faker/-/faker-8.4.0.tgz",
      "integrity": "sha512-htW87352wzUCdX1jyUQocUcmAaFqcR/w082EC8iP/gtkF0K+aKcBp0hR5Arb7dzR8tQ1TrhE9DNa5EbJELm84w==",
      "funding": [
        {
          "type": "opencollective",
          "url": "https://opencollective.com/fakerjs"
        }
      ],
      "engines": {
        "node": "^14.17.0 || ^16.13.0 || >=18.0.0",
        "npm": ">=6.14.13"
      }
    }
  }
}
