{
  "name": "@usebruno/test-collection",
  "version": "0.0.1",
  "lockfileVersion": 3,
  "requires": true,
  "packages": {
    "": {
      "name": "@usebruno/test-collection",
      "version": "0.0.1",
      "dependencies": {
        "@faker-js/faker": "^8.4.1"
      }
    },
    "node_modules/@faker-js/faker": {
      "version": "8.4.1",
      "resolved": "https://registry.npmjs.org/@faker-js/faker/-/faker-8.4.1.tgz",
      "integrity": "sha512-XQ3cU+Q8Uqmrbf2e0cIC/QN43sTBSC8KF12u29Mb47tWrt2hAgBXSgpZMj4Ao8Uk0iJcU99QsOCaIL8934obCg==",
      "funding": [
        {
          "type": "opencollective",
          "url": "https://opencollective.com/fakerjs"
        }
      ],
      "license": "MIT",
      "engines": {
        "node": "^14.17.0 || ^16.13.0 || >=18.0.0",
        "npm": ">=6.14.13"
      }
    }
  }
}
